
Microsoft Visual Studio Solution File, Format Version 12.00
# Visual Studio Version 16
VisualStudioVersion = 16.0.29025.244
MinimumVisualStudioVersion = 10.0.40219.1
Project("{F2A71F9B-5D33-465A-A702-920D77279786}") = "PopDEVS", "PopDEVS\PopDEVS.fsproj", "{034E5F92-3DE8-46DE-8484-825247B3A010}"
EndProject
Global
	GlobalSection(SolutionConfigurationPlatforms) = preSolution
		Debug|Any CPU = Debug|Any CPU
		Release|Any CPU = Release|Any CPU
	EndGlobalSection
	GlobalSection(ProjectConfigurationPlatforms) = postSolution
		{034E5F92-3DE8-46DE-8484-825247B3A010}.Debug|Any CPU.ActiveCfg = Debug|Any CPU
		{034E5F92-3DE8-46DE-8484-825247B3A010}.Debug|Any CPU.Build.0 = Debug|Any CPU
		{034E5F92-3DE8-46DE-8484-825247B3A010}.Release|Any CPU.ActiveCfg = Release|Any CPU
		{034E5F92-3DE8-46DE-8484-825247B3A010}.Release|Any CPU.Build.0 = Release|Any CPU
	EndGlobalSection
	GlobalSection(SolutionProperties) = preSolution
		HideSolutionNode = FALSE
	EndGlobalSection
	GlobalSection(ExtensibilityGlobals) = postSolution
		SolutionGuid = {5A535E5D-B401-45CC-AF9B-C689C545992D}
	EndGlobalSection
EndGlobal
